
Microsoft Visual Studio Solution File, Format Version 12.00
# Visual Studio 15
VisualStudioVersion = 15.0.26730.12
MinimumVisualStudioVersion = 10.0.40219.1
Project("{FAE04EC0-301F-11D3-BF4B-00C04F79EFBC}") = "App2.Android", "App2\App2.Android\App2.Android.csproj", "{41D63F5E-CE1F-419B-9988-42A9B811FAD3}"
EndProject
Project("{FAE04EC0-301F-11D3-BF4B-00C04F79EFBC}") = "App2", "App2\App2\App2.csproj", "{51C24432-FA7B-4E21-B6B2-05B59CBE01FC}"
EndProject
Project("{FAE04EC0-301F-11D3-BF4B-00C04F79EFBC}") = "App2.UWP", "App2\App2.UWP\App2.UWP.csproj", "{759A5C7E-952E-4154-911E-FD81500C7A52}"
EndProject
Project("{FAE04EC0-301F-11D3-BF4B-00C04F79EFBC}") = "App2.iOS", "App2\App2.iOS\App2.iOS.csproj", "{7CA181E0-964B-4AFA-BE7E-55E889A93F58}"
EndProject
Global
	GlobalSection(SolutionConfigurationPlatforms) = preSolution
		Ad-Hoc|Any CPU = Ad-Hoc|Any CPU
		Ad-Hoc|ARM = Ad-Hoc|ARM
		Ad-Hoc|iPhone = Ad-Hoc|iPhone
		Ad-Hoc|iPhoneSimulator = Ad-Hoc|iPhoneSimulator
		Ad-Hoc|x64 = Ad-Hoc|x64
		Ad-Hoc|x86 = Ad-Hoc|x86
		AppStore|Any CPU = AppStore|Any CPU
		AppStore|ARM = AppStore|ARM
		AppStore|iPhone = AppStore|iPhone
		AppStore|iPhoneSimulator = AppStore|iPhoneSimulator
		AppStore|x64 = AppStore|x64
		AppStore|x86 = AppStore|x86
		Debug|Any CPU = Debug|Any CPU
		Debug|ARM = Debug|ARM
		Debug|iPhone = Debug|iPhone
		Debug|iPhoneSimulator = Debug|iPhoneSimulator
		Debug|x64 = Debug|x64
		Debug|x86 = Debug|x86
		Release|Any CPU = Release|Any CPU
		Release|ARM = Release|ARM
		Release|iPhone = Release|iPhone
		Release|iPhoneSimulator = Release|iPhoneSimulator
		Release|x64 = Release|x64
		Release|x86 = Release|x86
	EndGlobalSection
	GlobalSection(ProjectConfigurationPlatforms) = postSolution
		{41D63F5E-CE1F-419B-9988-42A9B811FAD3}.Ad-Hoc|Any CPU.ActiveCfg = Release|Any CPU
		{41D63F5E-CE1F-419B-9988-42A9B811FAD3}.Ad-Hoc|Any CPU.Build.0 = Release|Any CPU
		{41D63F5E-CE1F-419B-9988-42A9B811FAD3}.Ad-Hoc|Any CPU.Deploy.0 = Release|Any CPU
		{41D63F5E-CE1F-419B-9988-42A9B811FAD3}.Ad-Hoc|ARM.ActiveCfg = Release|Any CPU
		{41D63F5E-CE1F-419B-9988-42A9B811FAD3}.Ad-Hoc|ARM.Build.0 = Release|Any CPU
		{41D63F5E-CE1F-419B-9988-42A9B811FAD3}.Ad-Hoc|ARM.Deploy.0 = Release|Any CPU
		{41D63F5E-CE1F-419B-9988-42A9B811FAD3}.Ad-Hoc|iPhone.ActiveCfg = Release|Any CPU
		{41D63F5E-CE1F-419B-9988-42A9B811FAD3}.Ad-Hoc|iPhone.Build.0 = Release|Any CPU
		{41D63F5E-CE1F-419B-9988-42A9B811FAD3}.Ad-Hoc|iPhone.Deploy.0 = Release|Any CPU
		{41D63F5E-CE1F-419B-9988-42A9B811FAD3}.Ad-Hoc|iPhoneSimulator.ActiveCfg = Release|Any CPU
		{41D63F5E-CE1F-419B-9988-42A9B811FAD3}.Ad-Hoc|iPhoneSimulator.Build.0 = Release|Any CPU
		{41D63F5E-CE1F-419B-9988-42A9B811FAD3}.Ad-Hoc|iPhoneSimulator.Deploy.0 = Release|Any CPU
		{41D63F5E-CE1F-419B-9988-42A9B811FAD3}.Ad-Hoc|x64.ActiveCfg = Release|Any CPU
		{41D63F5E-CE1F-419B-9988-42A9B811FAD3}.Ad-Hoc|x64.Build.0 = Release|Any CPU
		{41D63F5E-CE1F-419B-9988-42A9B811FAD3}.Ad-Hoc|x64.Deploy.0 = Release|Any CPU
		{41D63F5E-CE1F-419B-9988-42A9B811FAD3}.Ad-Hoc|x86.ActiveCfg = Release|Any CPU
		{41D63F5E-CE1F-419B-9988-42A9B811FAD3}.Ad-Hoc|x86.Build.0 = Release|Any CPU
		{41D63F5E-CE1F-419B-9988-42A9B811FAD3}.Ad-Hoc|x86.Deploy.0 = Release|Any CPU
		{41D63F5E-CE1F-419B-9988-42A9B811FAD3}.AppStore|Any CPU.ActiveCfg = Release|Any CPU
		{41D63F5E-CE1F-419B-9988-42A9B811FAD3}.AppStore|Any CPU.Build.0 = Release|Any CPU
		{41D63F5E-CE1F-419B-9988-42A9B811FAD3}.AppStore|Any CPU.Deploy.0 = Release|Any CPU
		{41D63F5E-CE1F-419B-9988-42A9B811FAD3}.AppStore|ARM.ActiveCfg = Release|Any CPU
		{41D63F5E-CE1F-419B-9988-42A9B811FAD3}.AppStore|ARM.Build.0 = Release|Any CPU
		{41D63F5E-CE1F-419B-9988-42A9B811FAD3}.AppStore|ARM.Deploy.0 = Release|Any CPU
		{41D63F5E-CE1F-419B-9988-42A9B811FAD3}.AppStore|iPhone.ActiveCfg = Release|Any CPU
		{41D63F5E-CE1F-419B-9988-42A9B811FAD3}.AppStore|iPhone.Build.0 = Release|Any CPU
		{41D63F5E-CE1F-419B-9988-42A9B811FAD3}.AppStore|iPhone.Deploy.0 = Release|Any CPU
		{41D63F5E-CE1F-419B-9988-42A9B811FAD3}.AppStore|iPhoneSimulator.ActiveCfg = Release|Any CPU
		{41D63F5E-CE1F-419B-9988-42A9B811FAD3}.AppStore|iPhoneSimulator.Build.0 = Release|Any CPU
		{41D63F5E-CE1F-419B-9988-42A9B811FAD3}.AppStore|iPhoneSimulator.Deploy.0 = Release|Any CPU
		{41D63F5E-CE1F-419B-9988-42A9B811FAD3}.AppStore|x64.ActiveCfg = Release|Any CPU
		{41D63F5E-CE1F-419B-9988-42A9B811FAD3}.AppStore|x64.Build.0 = Release|Any CPU
		{41D63F5E-CE1F-419B-9988-42A9B811FAD3}.AppStore|x64.Deploy.0 = Release|Any CPU
		{41D63F5E-CE1F-419B-9988-42A9B811FAD3}.AppStore|x86.ActiveCfg = Release|Any CPU
		{41D63F5E-CE1F-419B-9988-42A9B811FAD3}.AppStore|x86.Build.0 = Release|Any CPU
		{41D63F5E-CE1F-419B-9988-42A9B811FAD3}.AppStore|x86.Deploy.0 = Release|Any CPU
		{41D63F5E-CE1F-419B-9988-42A9B811FAD3}.Debug|Any CPU.ActiveCfg = Debug|Any CPU
		{41D63F5E-CE1F-419B-9988-42A9B811FAD3}.Debug|Any CPU.Build.0 = Debug|Any CPU
		{41D63F5E-CE1F-419B-9988-42A9B811FAD3}.Debug|Any CPU.Deploy.0 = Debug|Any CPU
		{41D63F5E-CE1F-419B-9988-42A9B811FAD3}.Debug|ARM.ActiveCfg = Debug|Any CPU
		{41D63F5E-CE1F-419B-9988-42A9B811FAD3}.Debug|ARM.Build.0 = Debug|Any CPU
		{41D63F5E-CE1F-419B-9988-42A9B811FAD3}.Debug|ARM.Deploy.0 = Debug|Any CPU
		{41D63F5E-CE1F-419B-9988-42A9B811FAD3}.Debug|iPhone.ActiveCfg = Debug|Any CPU
		{41D63F5E-CE1F-419B-9988-42A9B811FAD3}.Debug|iPhone.Build.0 = Debug|Any CPU
		{41D63F5E-CE1F-419B-9988-42A9B811FAD3}.Debug|iPhone.Deploy.0 = Debug|Any CPU
		{41D63F5E-CE1F-419B-9988-42A9B811FAD3}.Debug|iPhoneSimulator.ActiveCfg = Debug|Any CPU
		{41D63F5E-CE1F-419B-9988-42A9B811FAD3}.Debug|iPhoneSimulator.Build.0 = Debug|Any CPU
		{41D63F5E-CE1F-419B-9988-42A9B811FAD3}.Debug|iPhoneSimulator.Deploy.0 = Debug|Any CPU
		{41D63F5E-CE1F-419B-9988-42A9B811FAD3}.Debug|x64.ActiveCfg = Debug|Any CPU
		{41D63F5E-CE1F-419B-9988-42A9B811FAD3}.Debug|x64.Build.0 = Debug|Any CPU
		{41D63F5E-CE1F-419B-9988-42A9B811FAD3}.Debug|x64.Deploy.0 = Debug|Any CPU
		{41D63F5E-CE1F-419B-9988-42A9B811FAD3}.Debug|x86.ActiveCfg = Debug|Any CPU
		{41D63F5E-CE1F-419B-9988-42A9B811FAD3}.Debug|x86.Build.0 = Debug|Any CPU
		{41D63F5E-CE1F-419B-9988-42A9B811FAD3}.Debug|x86.Deploy.0 = Debug|Any CPU
		{41D63F5E-CE1F-419B-9988-42A9B811FAD3}.Release|Any CPU.ActiveCfg = Release|Any CPU
		{41D63F5E-CE1F-419B-9988-42A9B811FAD3}.Release|Any CPU.Build.0 = Release|Any CPU
		{41D63F5E-CE1F-419B-9988-42A9B811FAD3}.Release|Any CPU.Deploy.0 = Release|Any CPU
		{41D63F5E-CE1F-419B-9988-42A9B811FAD3}.Release|ARM.ActiveCfg = Release|Any CPU
		{41D63F5E-CE1F-419B-9988-42A9B811FAD3}.Release|ARM.Build.0 = Release|Any CPU
		{41D63F5E-CE1F-419B-9988-42A9B811FAD3}.Release|ARM.Deploy.0 = Release|Any CPU
		{41D63F5E-CE1F-419B-9988-42A9B811FAD3}.Release|iPhone.ActiveCfg = Release|Any CPU
		{41D63F5E-CE1F-419B-9988-42A9B811FAD3}.Release|iPhone.Build.0 = Release|Any CPU
		{41D63F5E-CE1F-419B-9988-42A9B811FAD3}.Release|iPhone.Deploy.0 = Release|Any CPU
		{41D63F5E-CE1F-419B-9988-42A9B811FAD3}.Release|iPhoneSimulator.ActiveCfg = Release|Any CPU
		{41D63F5E-CE1F-419B-9988-42A9B811FAD3}.Release|iPhoneSimulator.Build.0 = Release|Any CPU
		{41D63F5E-CE1F-419B-9988-42A9B811FAD3}.Release|iPhoneSimulator.Deploy.0 = Release|Any CPU
		{41D63F5E-CE1F-419B-9988-42A9B811FAD3}.Release|x64.ActiveCfg = Release|Any CPU
		{41D63F5E-CE1F-419B-9988-42A9B811FAD3}.Release|x64.Build.0 = Release|Any CPU
		{41D63F5E-CE1F-419B-9988-42A9B811FAD3}.Release|x64.Deploy.0 = Release|Any CPU
		{41D63F5E-CE1F-419B-9988-42A9B811FAD3}.Release|x86.ActiveCfg = Release|Any CPU
		{41D63F5E-CE1F-419B-9988-42A9B811FAD3}.Release|x86.Build.0 = Release|Any CPU
		{41D63F5E-CE1F-419B-9988-42A9B811FAD3}.Release|x86.Deploy.0 = Release|Any CPU
		{51C24432-FA7B-4E21-B6B2-05B59CBE01FC}.Ad-Hoc|Any CPU.ActiveCfg = Release|Any CPU
		{51C24432-FA7B-4E21-B6B2-05B59CBE01FC}.Ad-Hoc|Any CPU.Build.0 = Release|Any CPU
		{51C24432-FA7B-4E21-B6B2-05B59CBE01FC}.Ad-Hoc|ARM.ActiveCfg = Release|Any CPU
		{51C24432-FA7B-4E21-B6B2-05B59CBE01FC}.Ad-Hoc|ARM.Build.0 = Release|Any CPU
		{51C24432-FA7B-4E21-B6B2-05B59CBE01FC}.Ad-Hoc|iPhone.ActiveCfg = Release|Any CPU
		{51C24432-FA7B-4E21-B6B2-05B59CBE01FC}.Ad-Hoc|iPhone.Build.0 = Release|Any CPU
		{51C24432-FA7B-4E21-B6B2-05B59CBE01FC}.Ad-Hoc|iPhoneSimulator.ActiveCfg = Release|Any CPU
		{51C24432-FA7B-4E21-B6B2-05B59CBE01FC}.Ad-Hoc|iPhoneSimulator.Build.0 = Release|Any CPU
		{51C24432-FA7B-4E21-B6B2-05B59CBE01FC}.Ad-Hoc|x64.ActiveCfg = Release|Any CPU
		{51C24432-FA7B-4E21-B6B2-05B59CBE01FC}.Ad-Hoc|x64.Build.0 = Release|Any CPU
		{51C24432-FA7B-4E21-B6B2-05B59CBE01FC}.Ad-Hoc|x86.ActiveCfg = Release|Any CPU
		{51C24432-FA7B-4E21-B6B2-05B59CBE01FC}.Ad-Hoc|x86.Build.0 = Release|Any CPU
		{51C24432-FA7B-4E21-B6B2-05B59CBE01FC}.AppStore|Any CPU.ActiveCfg = Release|Any CPU
		{51C24432-FA7B-4E21-B6B2-05B59CBE01FC}.AppStore|Any CPU.Build.0 = Release|Any CPU
		{51C24432-FA7B-4E21-B6B2-05B59CBE01FC}.AppStore|ARM.ActiveCfg = Release|Any CPU
		{51C24432-FA7B-4E21-B6B2-05B59CBE01FC}.AppStore|ARM.Build.0 = Release|Any CPU
		{51C24432-FA7B-4E21-B6B2-05B59CBE01FC}.AppStore|iPhone.ActiveCfg = Release|Any CPU
		{51C24432-FA7B-4E21-B6B2-05B59CBE01FC}.AppStore|iPhone.Build.0 = Release|Any CPU
		{51C24432-FA7B-4E21-B6B2-05B59CBE01FC}.AppStore|iPhoneSimulator.ActiveCfg = Release|Any CPU
		{51C24432-FA7B-4E21-B6B2-05B59CBE01FC}.AppStore|iPhoneSimulator.Build.0 = Release|Any CPU
		{51C24432-FA7B-4E21-B6B2-05B59CBE01FC}.AppStore|x64.ActiveCfg = Release|Any CPU
		{51C24432-FA7B-4E21-B6B2-05B59CBE01FC}.AppStore|x64.Build.0 = Release|Any CPU
		{51C24432-FA7B-4E21-B6B2-05B59CBE01FC}.AppStore|x86.ActiveCfg = Release|Any CPU
		{51C24432-FA7B-4E21-B6B2-05B59CBE01FC}.AppStore|x86.Build.0 = Release|Any CPU
		{51C24432-FA7B-4E21-B6B2-05B59CBE01FC}.Debug|Any CPU.ActiveCfg = Debug|Any CPU
		{51C24432-FA7B-4E21-B6B2-05B59CBE01FC}.Debug|Any CPU.Build.0 = Debug|Any CPU
		{51C24432-FA7B-4E21-B6B2-05B59CBE01FC}.Debug|ARM.ActiveCfg = Debug|Any CPU
		{51C24432-FA7B-4E21-B6B2-05B59CBE01FC}.Debug|ARM.Build.0 = Debug|Any CPU
		{51C24432-FA7B-4E21-B6B2-05B59CBE01FC}.Debug|iPhone.ActiveCfg = Debug|Any CPU
		{51C24432-FA7B-4E21-B6B2-05B59CBE01FC}.Debug|iPhone.Build.0 = Debug|Any CPU
		{51C24432-FA7B-4E21-B6B2-05B59CBE01FC}.Debug|iPhoneSimulator.ActiveCfg = Debug|Any CPU
		{51C24432-FA7B-4E21-B6B2-05B59CBE01FC}.Debug|iPhoneSimulator.Build.0 = Debug|Any CPU
		{51C24432-FA7B-4E21-B6B2-05B59CBE01FC}.Debug|x64.ActiveCfg = Debug|Any CPU
		{51C24432-FA7B-4E21-B6B2-05B59CBE01FC}.Debug|x64.Build.0 = Debug|Any CPU
		{51C24432-FA7B-4E21-B6B2-05B59CBE01FC}.Debug|x86.ActiveCfg = Debug|Any CPU
		{51C24432-FA7B-4E21-B6B2-05B59CBE01FC}.Debug|x86.Build.0 = Debug|Any CPU
		{51C24432-FA7B-4E21-B6B2-05B59CBE01FC}.Release|Any CPU.ActiveCfg = Release|Any CPU
		{51C24432-FA7B-4E21-B6B2-05B59CBE01FC}.Release|Any CPU.Build.0 = Release|Any CPU
		{51C24432-FA7B-4E21-B6B2-05B59CBE01FC}.Release|ARM.ActiveCfg = Release|Any CPU
		{51C24432-FA7B-4E21-B6B2-05B59CBE01FC}.Release|ARM.Build.0 = Release|Any CPU
		{51C24432-FA7B-4E21-B6B2-05B59CBE01FC}.Release|iPhone.ActiveCfg = Release|Any CPU
		{51C24432-FA7B-4E21-B6B2-05B59CBE01FC}.Release|iPhone.Build.0 = Release|Any CPU
		{51C24432-FA7B-4E21-B6B2-05B59CBE01FC}.Release|iPhoneSimulator.ActiveCfg = Release|Any CPU
		{51C24432-FA7B-4E21-B6B2-05B59CBE01FC}.Release|iPhoneSimulator.Build.0 = Release|Any CPU
		{51C24432-FA7B-4E21-B6B2-05B59CBE01FC}.Release|x64.ActiveCfg = Release|Any CPU
		{51C24432-FA7B-4E21-B6B2-05B59CBE01FC}.Release|x64.Build.0 = Release|Any CPU
		{51C24432-FA7B-4E21-B6B2-05B59CBE01FC}.Release|x86.ActiveCfg = Release|Any CPU
		{51C24432-FA7B-4E21-B6B2-05B59CBE01FC}.Release|x86.Build.0 = Release|Any CPU
		{759A5C7E-952E-4154-911E-FD81500C7A52}.Ad-Hoc|Any CPU.ActiveCfg = Release|x86
		{759A5C7E-952E-4154-911E-FD81500C7A52}.Ad-Hoc|Any CPU.Build.0 = Release|x86
		{759A5C7E-952E-4154-911E-FD81500C7A52}.Ad-Hoc|Any CPU.Deploy.0 = Release|x86
		{759A5C7E-952E-4154-911E-FD81500C7A52}.Ad-Hoc|ARM.ActiveCfg = Release|ARM
		{759A5C7E-952E-4154-911E-FD81500C7A52}.Ad-Hoc|ARM.Build.0 = Release|ARM
		{759A5C7E-952E-4154-911E-FD81500C7A52}.Ad-Hoc|ARM.Deploy.0 = Release|ARM
		{759A5C7E-952E-4154-911E-FD81500C7A52}.Ad-Hoc|iPhone.ActiveCfg = Release|x86
		{759A5C7E-952E-4154-911E-FD81500C7A52}.Ad-Hoc|iPhone.Build.0 = Release|x86
		{759A5C7E-952E-4154-911E-FD81500C7A52}.Ad-Hoc|iPhone.Deploy.0 = Release|x86
		{759A5C7E-952E-4154-911E-FD81500C7A52}.Ad-Hoc|iPhoneSimulator.ActiveCfg = Release|x86
		{759A5C7E-952E-4154-911E-FD81500C7A52}.Ad-Hoc|iPhoneSimulator.Build.0 = Release|x86
		{759A5C7E-952E-4154-911E-FD81500C7A52}.Ad-Hoc|iPhoneSimulator.Deploy.0 = Release|x86
		{759A5C7E-952E-4154-911E-FD81500C7A52}.Ad-Hoc|x64.ActiveCfg = Release|x64
		{759A5C7E-952E-4154-911E-FD81500C7A52}.Ad-Hoc|x64.Build.0 = Release|x64
		{759A5C7E-952E-4154-911E-FD81500C7A52}.Ad-Hoc|x64.Deploy.0 = Release|x64
		{759A5C7E-952E-4154-911E-FD81500C7A52}.Ad-Hoc|x86.ActiveCfg = Release|x86
		{759A5C7E-952E-4154-911E-FD81500C7A52}.Ad-Hoc|x86.Build.0 = Release|x86
		{759A5C7E-952E-4154-911E-FD81500C7A52}.Ad-Hoc|x86.Deploy.0 = Release|x86
		{759A5C7E-952E-4154-911E-FD81500C7A52}.AppStore|Any CPU.ActiveCfg = Release|x86
		{759A5C7E-952E-4154-911E-FD81500C7A52}.AppStore|Any CPU.Build.0 = Release|x86
		{759A5C7E-952E-4154-911E-FD81500C7A52}.AppStore|Any CPU.Deploy.0 = Release|x86
		{759A5C7E-952E-4154-911E-FD81500C7A52}.AppStore|ARM.ActiveCfg = Release|ARM
		{759A5C7E-952E-4154-911E-FD81500C7A52}.AppStore|ARM.Build.0 = Release|ARM
		{759A5C7E-952E-4154-911E-FD81500C7A52}.AppStore|ARM.Deploy.0 = Release|ARM
		{759A5C7E-952E-4154-911E-FD81500C7A52}.AppStore|iPhone.ActiveCfg = Release|x86
		{759A5C7E-952E-4154-911E-FD81500C7A52}.AppStore|iPhone.Build.0 = Release|x86
		{759A5C7E-952E-4154-911E-FD81500C7A52}.AppStore|iPhone.Deploy.0 = Release|x86
		{759A5C7E-952E-4154-911E-FD81500C7A52}.AppStore|iPhoneSimulator.ActiveCfg = Release|x86
		{759A5C7E-952E-4154-911E-FD81500C7A52}.AppStore|iPhoneSimulator.Build.0 = Release|x86
		{759A5C7E-952E-4154-911E-FD81500C7A52}.AppStore|iPhoneSimulator.Deploy.0 = Release|x86
		{759A5C7E-952E-4154-911E-FD81500C7A52}.AppStore|x64.ActiveCfg = Release|x64
		{759A5C7E-952E-4154-911E-FD81500C7A52}.AppStore|x64.Build.0 = Release|x64
		{759A5C7E-952E-4154-911E-FD81500C7A52}.AppStore|x64.Deploy.0 = Release|x64
		{759A5C7E-952E-4154-911E-FD81500C7A52}.AppStore|x86.ActiveCfg = Release|x86
		{759A5C7E-952E-4154-911E-FD81500C7A52}.AppStore|x86.Build.0 = Release|x86
		{759A5C7E-952E-4154-911E-FD81500C7A52}.AppStore|x86.Deploy.0 = Release|x86
		{759A5C7E-952E-4154-911E-FD81500C7A52}.Debug|Any CPU.ActiveCfg = Debug|x86
		{759A5C7E-952E-4154-911E-FD81500C7A52}.Debug|ARM.ActiveCfg = Debug|ARM
		{759A5C7E-952E-4154-911E-FD81500C7A52}.Debug|ARM.Build.0 = Debug|ARM
		{759A5C7E-952E-4154-911E-FD81500C7A52}.Debug|ARM.Deploy.0 = Debug|ARM
		{759A5C7E-952E-4154-911E-FD81500C7A52}.Debug|iPhone.ActiveCfg = Debug|x86
		{759A5C7E-952E-4154-911E-FD81500C7A52}.Debug|iPhoneSimulator.ActiveCfg = Debug|x86
		{759A5C7E-952E-4154-911E-FD81500C7A52}.Debug|x64.ActiveCfg = Debug|x64
		{759A5C7E-952E-4154-911E-FD81500C7A52}.Debug|x64.Build.0 = Debug|x64
		{759A5C7E-952E-4154-911E-FD81500C7A52}.Debug|x64.Deploy.0 = Debug|x64
		{759A5C7E-952E-4154-911E-FD81500C7A52}.Debug|x86.ActiveCfg = Debug|x86
		{759A5C7E-952E-4154-911E-FD81500C7A52}.Debug|x86.Build.0 = Debug|x86
		{759A5C7E-952E-4154-911E-FD81500C7A52}.Debug|x86.Deploy.0 = Debug|x86
		{759A5C7E-952E-4154-911E-FD81500C7A52}.Release|Any CPU.ActiveCfg = Release|x86
		{759A5C7E-952E-4154-911E-FD81500C7A52}.Release|ARM.ActiveCfg = Release|ARM
		{759A5C7E-952E-4154-911E-FD81500C7A52}.Release|ARM.Build.0 = Release|ARM
		{759A5C7E-952E-4154-911E-FD81500C7A52}.Release|ARM.Deploy.0 = Release|ARM
		{759A5C7E-952E-4154-911E-FD81500C7A52}.Release|iPhone.ActiveCfg = Release|x86
		{759A5C7E-952E-4154-911E-FD81500C7A52}.Release|iPhoneSimulator.ActiveCfg = Release|x86
		{759A5C7E-952E-4154-911E-FD81500C7A52}.Release|x64.ActiveCfg = Release|x64
		{759A5C7E-952E-4154-911E-FD81500C7A52}.Release|x64.Build.0 = Release|x64
		{759A5C7E-952E-4154-911E-FD81500C7A52}.Release|x64.Deploy.0 = Release|x64
		{759A5C7E-952E-4154-911E-FD81500C7A52}.Release|x86.ActiveCfg = Release|x86
		{759A5C7E-952E-4154-911E-FD81500C7A52}.Release|x86.Build.0 = Release|x86
		{759A5C7E-952E-4154-911E-FD81500C7A52}.Release|x86.Deploy.0 = Release|x86
		{7CA181E0-964B-4AFA-BE7E-55E889A93F58}.Ad-Hoc|Any CPU.ActiveCfg = Ad-Hoc|iPhone
		{7CA181E0-964B-4AFA-BE7E-55E889A93F58}.Ad-Hoc|ARM.ActiveCfg = Ad-Hoc|iPhone
		{7CA181E0-964B-4AFA-BE7E-55E889A93F58}.Ad-Hoc|iPhone.ActiveCfg = Ad-Hoc|iPhone
		{7CA181E0-964B-4AFA-BE7E-55E889A93F58}.Ad-Hoc|iPhone.Build.0 = Ad-Hoc|iPhone
		{7CA181E0-964B-4AFA-BE7E-55E889A93F58}.Ad-Hoc|iPhoneSimulator.ActiveCfg = Ad-Hoc|iPhoneSimulator
		{7CA181E0-964B-4AFA-BE7E-55E889A93F58}.Ad-Hoc|iPhoneSimulator.Build.0 = Ad-Hoc|iPhoneSimulator
		{7CA181E0-964B-4AFA-BE7E-55E889A93F58}.Ad-Hoc|x64.ActiveCfg = Ad-Hoc|iPhone
		{7CA181E0-964B-4AFA-BE7E-55E889A93F58}.Ad-Hoc|x86.ActiveCfg = Ad-Hoc|iPhone
		{7CA181E0-964B-4AFA-BE7E-55E889A93F58}.AppStore|Any CPU.ActiveCfg = AppStore|iPhone
		{7CA181E0-964B-4AFA-BE7E-55E889A93F58}.AppStore|ARM.ActiveCfg = AppStore|iPhone
		{7CA181E0-964B-4AFA-BE7E-55E889A93F58}.AppStore|iPhone.ActiveCfg = AppStore|iPhone
		{7CA181E0-964B-4AFA-BE7E-55E889A93F58}.AppStore|iPhone.Build.0 = AppStore|iPhone
		{7CA181E0-964B-4AFA-BE7E-55E889A93F58}.AppStore|iPhoneSimulator.ActiveCfg = AppStore|iPhoneSimulator
		{7CA181E0-964B-4AFA-BE7E-55E889A93F58}.AppStore|iPhoneSimulator.Build.0 = AppStore|iPhoneSimulator
		{7CA181E0-964B-4AFA-BE7E-55E889A93F58}.AppStore|x64.ActiveCfg = AppStore|iPhone
		{7CA181E0-964B-4AFA-BE7E-55E889A93F58}.AppStore|x86.ActiveCfg = AppStore|iPhone
		{7CA181E0-964B-4AFA-BE7E-55E889A93F58}.Debug|Any CPU.ActiveCfg = Debug|iPhone
		{7CA181E0-964B-4AFA-BE7E-55E889A93F58}.Debug|ARM.ActiveCfg = Debug|iPhone
		{7CA181E0-964B-4AFA-BE7E-55E889A93F58}.Debug|iPhone.ActiveCfg = Debug|iPhone
		{7CA181E0-964B-4AFA-BE7E-55E889A93F58}.Debug|iPhone.Build.0 = Debug|iPhone
		{7CA181E0-964B-4AFA-BE7E-55E889A93F58}.Debug|iPhoneSimulator.ActiveCfg = Debug|iPhoneSimulator
		{7CA181E0-964B-4AFA-BE7E-55E889A93F58}.Debug|iPhoneSimulator.Build.0 = Debug|iPhoneSimulator
		{7CA181E0-964B-4AFA-BE7E-55E889A93F58}.Debug|x64.ActiveCfg = Debug|iPhone
		{7CA181E0-964B-4AFA-BE7E-55E889A93F58}.Debug|x86.ActiveCfg = Debug|iPhone
		{7CA181E0-964B-4AFA-BE7E-55E889A93F58}.Release|Any CPU.ActiveCfg = Release|iPhone
		{7CA181E0-964B-4AFA-BE7E-55E889A93F58}.Release|ARM.ActiveCfg = Release|iPhone
		{7CA181E0-964B-4AFA-BE7E-55E889A93F58}.Release|iPhone.ActiveCfg = Release|iPhone
		{7CA181E0-964B-4AFA-BE7E-55E889A93F58}.Release|iPhone.Build.0 = Release|iPhone
		{7CA181E0-964B-4AFA-BE7E-55E889A93F58}.Release|iPhoneSimulator.ActiveCfg = Release|iPhoneSimulator
		{7CA181E0-964B-4AFA-BE7E-55E889A93F58}.Release|iPhoneSimulator.Build.0 = Release|iPhoneSimulator
		{7CA181E0-964B-4AFA-BE7E-55E889A93F58}.Release|x64.ActiveCfg = Release|iPhone
		{7CA181E0-964B-4AFA-BE7E-55E889A93F58}.Release|x86.ActiveCfg = Release|iPhone
	EndGlobalSection
	GlobalSection(SolutionProperties) = preSolution
		HideSolutionNode = FALSE
	EndGlobalSection
	GlobalSection(ExtensibilityGlobals) = postSolution
		SolutionGuid = {9F2BC22E-64F2-402C-95AE-950C99E6A0AD}
	EndGlobalSection
EndGlobal
